
Microsoft Visual Studio Solution File, Format Version 12.00
# Visual Studio 2013
VisualStudioVersion = 12.0.31101.0
MinimumVisualStudioVersion = 10.0.40219.1
Project("{FAE04EC0-301F-11D3-BF4B-00C04F79EFBC}") = "GridAzure", "GridAzure\GridAzure.csproj", "{EDAE7B28-BB64-4981-9B13-58B23A7F4CFE}"
EndProject
Project("{2150E333-8FDC-42A3-9474-1A3956D46DE8}") = "PublishScripts", "PublishScripts", "{2F476512-2EC2-43F8-8FAF-35C19BB99D47}"
	ProjectSection(SolutionItems) = preProject
		PublishScripts\AzureWebsitePublishModule.psm1 = PublishScripts\AzureWebsitePublishModule.psm1
		PublishScripts\Publish-WebApplicationWebsite.ps1 = PublishScripts\Publish-WebApplicationWebsite.ps1
	EndProjectSection
EndProject
Project("{2150E333-8FDC-42A3-9474-1A3956D46DE8}") = "Configurations", "Configurations", "{E8FFA803-1B60-4498-B737-930FC083FB32}"
	ProjectSection(SolutionItems) = preProject
		PublishScripts\Configurations\GridAzure-WAWS-dev.json = PublishScripts\Configurations\GridAzure-WAWS-dev.json
	EndProjectSection
EndProject
Global
	GlobalSection(SolutionConfigurationPlatforms) = preSolution
		Debug|Any CPU = Debug|Any CPU
		Release|Any CPU = Release|Any CPU
	EndGlobalSection
	GlobalSection(ProjectConfigurationPlatforms) = postSolution
		{EDAE7B28-BB64-4981-9B13-58B23A7F4CFE}.Debug|Any CPU.ActiveCfg = Debug|Any CPU
		{EDAE7B28-BB64-4981-9B13-58B23A7F4CFE}.Debug|Any CPU.Build.0 = Debug|Any CPU
		{EDAE7B28-BB64-4981-9B13-58B23A7F4CFE}.Release|Any CPU.ActiveCfg = Release|Any CPU
		{EDAE7B28-BB64-4981-9B13-58B23A7F4CFE}.Release|Any CPU.Build.0 = Release|Any CPU
	EndGlobalSection
	GlobalSection(SolutionProperties) = preSolution
		HideSolutionNode = FALSE
	EndGlobalSection
	GlobalSection(NestedProjects) = preSolution
		{E8FFA803-1B60-4498-B737-930FC083FB32} = {2F476512-2EC2-43F8-8FAF-35C19BB99D47}
	EndGlobalSection
EndGlobal
