
Microsoft Visual Studio Solution File, Format Version 12.00
# Visual Studio 14
VisualStudioVersion = 14.0.23107.0
MinimumVisualStudioVersion = 10.0.40219.1
Project("{FAE04EC0-301F-11D3-BF4B-00C04F79EFBC}") = "publish", "publish\publish.csproj", "{D9FDF5F4-0A0E-429E-B8F7-E0E687D71D63}"
EndProject
Project("{9092AA53-FB77-4645-B42D-1CCCA6BD08BD}") = "dev", "..\dev\dev.njsproj", "{03439B2F-6829-4BEB-848A-816DC0206C51}"
EndProject
Global
	GlobalSection(SolutionConfigurationPlatforms) = preSolution
		Debug|Any CPU = Debug|Any CPU
		Release|Any CPU = Release|Any CPU
	EndGlobalSection
	GlobalSection(ProjectConfigurationPlatforms) = postSolution
		{D9FDF5F4-0A0E-429E-B8F7-E0E687D71D63}.Debug|Any CPU.ActiveCfg = Debug|Any CPU
		{D9FDF5F4-0A0E-429E-B8F7-E0E687D71D63}.Debug|Any CPU.Build.0 = Debug|Any CPU
		{D9FDF5F4-0A0E-429E-B8F7-E0E687D71D63}.Release|Any CPU.ActiveCfg = Release|Any CPU
		{D9FDF5F4-0A0E-429E-B8F7-E0E687D71D63}.Release|Any CPU.Build.0 = Release|Any CPU
		{03439B2F-6829-4BEB-848A-816DC0206C51}.Debug|Any CPU.ActiveCfg = Debug|Any CPU
		{03439B2F-6829-4BEB-848A-816DC0206C51}.Debug|Any CPU.Build.0 = Debug|Any CPU
		{03439B2F-6829-4BEB-848A-816DC0206C51}.Release|Any CPU.ActiveCfg = Release|Any CPU
		{03439B2F-6829-4BEB-848A-816DC0206C51}.Release|Any CPU.Build.0 = Release|Any CPU
	EndGlobalSection
	GlobalSection(SolutionProperties) = preSolution
		HideSolutionNode = FALSE
	EndGlobalSection
EndGlobal
